
Microsoft Visual Studio Solution File, Format Version 12.00
# Visual Studio Version 17
VisualStudioVersion = 17.0.31903.59
MinimumVisualStudioVersion = 10.0.40219.1
Project("{2150E333-8FDC-42A3-9474-1A3956D46DE8}") = "Services", "Services", "{EC32BB2E-3ADA-4F4D-8DC9-FC598CF8B4CF}"
EndProject
Project("{2150E333-8FDC-42A3-9474-1A3956D46DE8}") = "WebApps", "WebApps", "{2B8E207C-0B7F-42F9-8045-410470E3CEBC}"
EndProject
Project("{2150E333-8FDC-42A3-9474-1A3956D46DE8}") = "Cadastros", "Cadastros", "{6A69A142-9297-4444-B6AF-CCACE20C25AB}"
EndProject
Project("{2150E333-8FDC-42A3-9474-1A3956D46DE8}") = "Catalogo", "Catalogo", "{B62CBE22-CF1E-4758-B53B-6BCFA2C2114D}"
EndProject
Project("{2150E333-8FDC-42A3-9474-1A3956D46DE8}") = "Core", "Core", "{2F98B080-2F57-4362-9625-7F8D6895FC36}"
EndProject
Project("{2150E333-8FDC-42A3-9474-1A3956D46DE8}") = "Fiscal", "Fiscal", "{2FAAD361-94FF-41CF-9AC8-B29AD5376B79}"
EndProject
Project("{2150E333-8FDC-42A3-9474-1A3956D46DE8}") = "Pagamentos", "Pagamentos", "{C616D2CF-E819-4A79-9C88-19528765BF7F}"
EndProject
Project("{2150E333-8FDC-42A3-9474-1A3956D46DE8}") = "Vendas", "Vendas", "{B4FDF0E3-7C68-4390-8F72-C75ACD1B5A4B}"
EndProject
Project("{FAE04EC0-301F-11D3-BF4B-00C04F79EFBC}") = "NerdStore.Catalogo.Domain", "src\NerdStore.Catalogo.Domain\NerdStore.Catalogo.Domain.csproj", "{E6232182-501E-4F6E-8958-B092CF949289}"
EndProject
Project("{FAE04EC0-301F-11D3-BF4B-00C04F79EFBC}") = "NerdStore.Core", "src\NerdStore.Core\NerdStore.Core.csproj", "{BA61E140-8F2E-4667-8FD1-C87C5D9FB96C}"
EndProject
Project("{2150E333-8FDC-42A3-9474-1A3956D46DE8}") = "Tests", "Tests", "{71A320A5-8EF3-49C0-9662-6032265EB54B}"
EndProject
Project("{FAE04EC0-301F-11D3-BF4B-00C04F79EFBC}") = "NerdStore.Catalogo.Domain.Tests", "tests\NerdStore.Catalogo.Domain.Tests\NerdStore.Catalogo.Domain.Tests.csproj", "{50D60DAA-445F-4972-88EE-5FD8CB48E482}"
EndProject
Global
	GlobalSection(SolutionConfigurationPlatforms) = preSolution
		Debug|Any CPU = Debug|Any CPU
		Release|Any CPU = Release|Any CPU
	EndGlobalSection
	GlobalSection(SolutionProperties) = preSolution
		HideSolutionNode = FALSE
	EndGlobalSection
	GlobalSection(NestedProjects) = preSolution
		{6A69A142-9297-4444-B6AF-CCACE20C25AB} = {EC32BB2E-3ADA-4F4D-8DC9-FC598CF8B4CF}
		{B62CBE22-CF1E-4758-B53B-6BCFA2C2114D} = {EC32BB2E-3ADA-4F4D-8DC9-FC598CF8B4CF}
		{2F98B080-2F57-4362-9625-7F8D6895FC36} = {EC32BB2E-3ADA-4F4D-8DC9-FC598CF8B4CF}
		{2FAAD361-94FF-41CF-9AC8-B29AD5376B79} = {EC32BB2E-3ADA-4F4D-8DC9-FC598CF8B4CF}
		{C616D2CF-E819-4A79-9C88-19528765BF7F} = {EC32BB2E-3ADA-4F4D-8DC9-FC598CF8B4CF}
		{B4FDF0E3-7C68-4390-8F72-C75ACD1B5A4B} = {EC32BB2E-3ADA-4F4D-8DC9-FC598CF8B4CF}
		{E6232182-501E-4F6E-8958-B092CF949289} = {B62CBE22-CF1E-4758-B53B-6BCFA2C2114D}
		{BA61E140-8F2E-4667-8FD1-C87C5D9FB96C} = {2F98B080-2F57-4362-9625-7F8D6895FC36}
		{71A320A5-8EF3-49C0-9662-6032265EB54B} = {B62CBE22-CF1E-4758-B53B-6BCFA2C2114D}
		{50D60DAA-445F-4972-88EE-5FD8CB48E482} = {71A320A5-8EF3-49C0-9662-6032265EB54B}
	EndGlobalSection
	GlobalSection(ProjectConfigurationPlatforms) = postSolution
		{E6232182-501E-4F6E-8958-B092CF949289}.Debug|Any CPU.ActiveCfg = Debug|Any CPU
		{E6232182-501E-4F6E-8958-B092CF949289}.Debug|Any CPU.Build.0 = Debug|Any CPU
		{E6232182-501E-4F6E-8958-B092CF949289}.Release|Any CPU.ActiveCfg = Release|Any CPU
		{E6232182-501E-4F6E-8958-B092CF949289}.Release|Any CPU.Build.0 = Release|Any CPU
		{BA61E140-8F2E-4667-8FD1-C87C5D9FB96C}.Debug|Any CPU.ActiveCfg = Debug|Any CPU
		{BA61E140-8F2E-4667-8FD1-C87C5D9FB96C}.Debug|Any CPU.Build.0 = Debug|Any CPU
		{BA61E140-8F2E-4667-8FD1-C87C5D9FB96C}.Release|Any CPU.ActiveCfg = Release|Any CPU
		{BA61E140-8F2E-4667-8FD1-C87C5D9FB96C}.Release|Any CPU.Build.0 = Release|Any CPU
		{50D60DAA-445F-4972-88EE-5FD8CB48E482}.Debug|Any CPU.ActiveCfg = Debug|Any CPU
		{50D60DAA-445F-4972-88EE-5FD8CB48E482}.Debug|Any CPU.Build.0 = Debug|Any CPU
		{50D60DAA-445F-4972-88EE-5FD8CB48E482}.Release|Any CPU.ActiveCfg = Release|Any CPU
		{50D60DAA-445F-4972-88EE-5FD8CB48E482}.Release|Any CPU.Build.0 = Release|Any CPU
	EndGlobalSection
EndGlobal
